
Microsoft Visual Studio Solution File, Format Version 12.00
# Visual Studio Version 17
VisualStudioVersion = 17.10.35027.167
MinimumVisualStudioVersion = 10.0.40219.1
Project("{FAE04EC0-301F-11D3-BF4B-00C04F79EFBC}") = "WebApp-MVC-D2", "WebApp-MVC-D2\WebApp-MVC-D2.csproj", "{7EDEA6C8-174E-448F-A104-0A42ADC16C68}"
EndProject
Global
	GlobalSection(SolutionConfigurationPlatforms) = preSolution
		Debug|Any CPU = Debug|Any CPU
		Release|Any CPU = Release|Any CPU
	EndGlobalSection
	GlobalSection(ProjectConfigurationPlatforms) = postSolution
		{7EDEA6C8-174E-448F-A104-0A42ADC16C68}.Debug|Any CPU.ActiveCfg = Debug|Any CPU
		{7EDEA6C8-174E-448F-A104-0A42ADC16C68}.Debug|Any CPU.Build.0 = Debug|Any CPU
		{7EDEA6C8-174E-448F-A104-0A42ADC16C68}.Release|Any CPU.ActiveCfg = Release|Any CPU
		{7EDEA6C8-174E-448F-A104-0A42ADC16C68}.Release|Any CPU.Build.0 = Release|Any CPU
	EndGlobalSection
	GlobalSection(SolutionProperties) = preSolution
		HideSolutionNode = FALSE
	EndGlobalSection
	GlobalSection(ExtensibilityGlobals) = postSolution
		SolutionGuid = {BD8C176F-342F-4396-A716-0766E284AD78}
	EndGlobalSection
EndGlobal
